
Microsoft Visual Studio Solution File, Format Version 12.00
# Visual Studio Version 16
VisualStudioVersion = 16.0.30309.148
MinimumVisualStudioVersion = 10.0.40219.1
Project("{FAE04EC0-301F-11D3-BF4B-00C04F79EFBC}") = "dot-net-core", "dot-net-core.csproj", "{F98D099C-9D08-497A-9A4D-C31DBEFC2860}"
EndProject
Global
	GlobalSection(SolutionConfigurationPlatforms) = preSolution
		Debug|Any CPU = Debug|Any CPU
		Release|Any CPU = Release|Any CPU
	EndGlobalSection
	GlobalSection(ProjectConfigurationPlatforms) = postSolution
		{F98D099C-9D08-497A-9A4D-C31DBEFC2860}.Debug|Any CPU.ActiveCfg = Debug|Any CPU
		{F98D099C-9D08-497A-9A4D-C31DBEFC2860}.Debug|Any CPU.Build.0 = Debug|Any CPU
		{F98D099C-9D08-497A-9A4D-C31DBEFC2860}.Release|Any CPU.ActiveCfg = Release|Any CPU
		{F98D099C-9D08-497A-9A4D-C31DBEFC2860}.Release|Any CPU.Build.0 = Release|Any CPU
	EndGlobalSection
	GlobalSection(SolutionProperties) = preSolution
		HideSolutionNode = FALSE
	EndGlobalSection
	GlobalSection(ExtensibilityGlobals) = postSolution
		SolutionGuid = {151A367C-B3A1-452D-957B-658674F16E85}
	EndGlobalSection
EndGlobal
